
Microsoft Visual Studio Solution File, Format Version 12.00
# Visual Studio Version 17
VisualStudioVersion = 17.4.33403.182
MinimumVisualStudioVersion = 10.0.40219.1
Project("{FAE04EC0-301F-11D3-BF4B-00C04F79EFBC}") = "getADHashes", "getADHashes.csproj", "{76AAF58E-855B-42CA-9CBC-0E0498F5CE0D}"
EndProject
Global
	GlobalSection(SolutionConfigurationPlatforms) = preSolution
		Debug|Any CPU = Debug|Any CPU
		Release|Any CPU = Release|Any CPU
	EndGlobalSection
	GlobalSection(ProjectConfigurationPlatforms) = postSolution
		{76AAF58E-855B-42CA-9CBC-0E0498F5CE0D}.Debug|Any CPU.ActiveCfg = Debug|Any CPU
		{76AAF58E-855B-42CA-9CBC-0E0498F5CE0D}.Debug|Any CPU.Build.0 = Debug|Any CPU
		{76AAF58E-855B-42CA-9CBC-0E0498F5CE0D}.Release|Any CPU.ActiveCfg = Release|Any CPU
		{76AAF58E-855B-42CA-9CBC-0E0498F5CE0D}.Release|Any CPU.Build.0 = Release|Any CPU
	EndGlobalSection
	GlobalSection(SolutionProperties) = preSolution
		HideSolutionNode = FALSE
	EndGlobalSection
	GlobalSection(ExtensibilityGlobals) = postSolution
		SolutionGuid = {1B699324-8CFD-4F32-8B70-EA994E5C0DCC}
	EndGlobalSection
EndGlobal
